
Microsoft Visual Studio Solution File, Format Version 12.00
# Visual Studio 2013
VisualStudioVersion = 12.0.31101.0
MinimumVisualStudioVersion = 10.0.40219.1
Project("{FAE04EC0-301F-11D3-BF4B-00C04F79EFBC}") = "VWeb", "VWeb\VWeb.csproj", "{5CA75DC4-0CA4-4B64-A8E2-FD9364B604DD}"
EndProject
Project("{FAE04EC0-301F-11D3-BF4B-00C04F79EFBC}") = "VBusiness", "VBusiness\VBusiness.csproj", "{64F3EA42-A824-4986-876F-E20E3D6ED8D1}"
EndProject
Project("{FAE04EC0-301F-11D3-BF4B-00C04F79EFBC}") = "VAPI", "VAPI\VAPI.csproj", "{27BC4F00-4C29-458D-BAFD-B515509FC4A6}"
EndProject
Project("{FAE04EC0-301F-11D3-BF4B-00C04F79EFBC}") = "VRepository.Interface", "VRepository.Interface\VRepository.Interface.csproj", "{CC66D0BF-7DC4-426F-A172-472A03F100E5}"
EndProject
Project("{FAE04EC0-301F-11D3-BF4B-00C04F79EFBC}") = "VBusiness.Interface", "VBusiness.Interface\VBusiness.Interface.csproj", "{CA6A7399-06A0-4F9A-B74C-F88FE115D90D}"
EndProject
Project("{2150E333-8FDC-42A3-9474-1A3956D46DE8}") = "1.Common", "1.Common", "{135EAB76-F76A-4508-8B9F-F9E29B5054C9}"
EndProject
Project("{2150E333-8FDC-42A3-9474-1A3956D46DE8}") = "2.Database", "2.Database", "{D6A4CDB4-325D-4E40-BA60-A42F83DA1C9A}"
EndProject
Project("{2150E333-8FDC-42A3-9474-1A3956D46DE8}") = "3.Business", "3.Business", "{C082DFA8-FF71-4E4D-BA4C-4130B5C2DD88}"
EndProject
Project("{2150E333-8FDC-42A3-9474-1A3956D46DE8}") = "4.API", "4.API", "{51B6753A-7AD5-4FB5-8AB0-9503A4EB58FF}"
EndProject
Project("{2150E333-8FDC-42A3-9474-1A3956D46DE8}") = "5.Presentation", "5.Presentation", "{CD82DF4F-AF88-4D55-BCC4-6551E66107B9}"
EndProject
Project("{FAE04EC0-301F-11D3-BF4B-00C04F79EFBC}") = "VRepository.MySql", "VRepository.MySql\VRepository.MySql.csproj", "{A7DC3DED-80D4-40F2-AC08-C0C0EEC0F916}"
EndProject
Project("{FAE04EC0-301F-11D3-BF4B-00C04F79EFBC}") = "VAPI.Host", "VAPI.Host\VAPI.Host.csproj", "{9AFE7D19-4EDF-4E9C-B585-676656AB3F18}"
EndProject
Global
	GlobalSection(SolutionConfigurationPlatforms) = preSolution
		Debug|Any CPU = Debug|Any CPU
		Release|Any CPU = Release|Any CPU
	EndGlobalSection
	GlobalSection(ProjectConfigurationPlatforms) = postSolution
		{5CA75DC4-0CA4-4B64-A8E2-FD9364B604DD}.Debug|Any CPU.ActiveCfg = Debug|Any CPU
		{5CA75DC4-0CA4-4B64-A8E2-FD9364B604DD}.Debug|Any CPU.Build.0 = Debug|Any CPU
		{5CA75DC4-0CA4-4B64-A8E2-FD9364B604DD}.Release|Any CPU.ActiveCfg = Release|Any CPU
		{5CA75DC4-0CA4-4B64-A8E2-FD9364B604DD}.Release|Any CPU.Build.0 = Release|Any CPU
		{64F3EA42-A824-4986-876F-E20E3D6ED8D1}.Debug|Any CPU.ActiveCfg = Debug|Any CPU
		{64F3EA42-A824-4986-876F-E20E3D6ED8D1}.Debug|Any CPU.Build.0 = Debug|Any CPU
		{64F3EA42-A824-4986-876F-E20E3D6ED8D1}.Release|Any CPU.ActiveCfg = Release|Any CPU
		{64F3EA42-A824-4986-876F-E20E3D6ED8D1}.Release|Any CPU.Build.0 = Release|Any CPU
		{27BC4F00-4C29-458D-BAFD-B515509FC4A6}.Debug|Any CPU.ActiveCfg = Debug|Any CPU
		{27BC4F00-4C29-458D-BAFD-B515509FC4A6}.Debug|Any CPU.Build.0 = Debug|Any CPU
		{27BC4F00-4C29-458D-BAFD-B515509FC4A6}.Release|Any CPU.ActiveCfg = Release|Any CPU
		{27BC4F00-4C29-458D-BAFD-B515509FC4A6}.Release|Any CPU.Build.0 = Release|Any CPU
		{CC66D0BF-7DC4-426F-A172-472A03F100E5}.Debug|Any CPU.ActiveCfg = Debug|Any CPU
		{CC66D0BF-7DC4-426F-A172-472A03F100E5}.Debug|Any CPU.Build.0 = Debug|Any CPU
		{CC66D0BF-7DC4-426F-A172-472A03F100E5}.Release|Any CPU.ActiveCfg = Release|Any CPU
		{CC66D0BF-7DC4-426F-A172-472A03F100E5}.Release|Any CPU.Build.0 = Release|Any CPU
		{CA6A7399-06A0-4F9A-B74C-F88FE115D90D}.Debug|Any CPU.ActiveCfg = Debug|Any CPU
		{CA6A7399-06A0-4F9A-B74C-F88FE115D90D}.Debug|Any CPU.Build.0 = Debug|Any CPU
		{CA6A7399-06A0-4F9A-B74C-F88FE115D90D}.Release|Any CPU.ActiveCfg = Release|Any CPU
		{CA6A7399-06A0-4F9A-B74C-F88FE115D90D}.Release|Any CPU.Build.0 = Release|Any CPU
		{A7DC3DED-80D4-40F2-AC08-C0C0EEC0F916}.Debug|Any CPU.ActiveCfg = Debug|Any CPU
		{A7DC3DED-80D4-40F2-AC08-C0C0EEC0F916}.Debug|Any CPU.Build.0 = Debug|Any CPU
		{A7DC3DED-80D4-40F2-AC08-C0C0EEC0F916}.Release|Any CPU.ActiveCfg = Release|Any CPU
		{A7DC3DED-80D4-40F2-AC08-C0C0EEC0F916}.Release|Any CPU.Build.0 = Release|Any CPU
		{9AFE7D19-4EDF-4E9C-B585-676656AB3F18}.Debug|Any CPU.ActiveCfg = Debug|Any CPU
		{9AFE7D19-4EDF-4E9C-B585-676656AB3F18}.Debug|Any CPU.Build.0 = Debug|Any CPU
		{9AFE7D19-4EDF-4E9C-B585-676656AB3F18}.Release|Any CPU.ActiveCfg = Release|Any CPU
		{9AFE7D19-4EDF-4E9C-B585-676656AB3F18}.Release|Any CPU.Build.0 = Release|Any CPU
	EndGlobalSection
	GlobalSection(SolutionProperties) = preSolution
		HideSolutionNode = FALSE
	EndGlobalSection
	GlobalSection(NestedProjects) = preSolution
		{5CA75DC4-0CA4-4B64-A8E2-FD9364B604DD} = {CD82DF4F-AF88-4D55-BCC4-6551E66107B9}
		{64F3EA42-A824-4986-876F-E20E3D6ED8D1} = {C082DFA8-FF71-4E4D-BA4C-4130B5C2DD88}
		{27BC4F00-4C29-458D-BAFD-B515509FC4A6} = {51B6753A-7AD5-4FB5-8AB0-9503A4EB58FF}
		{CC66D0BF-7DC4-426F-A172-472A03F100E5} = {D6A4CDB4-325D-4E40-BA60-A42F83DA1C9A}
		{CA6A7399-06A0-4F9A-B74C-F88FE115D90D} = {C082DFA8-FF71-4E4D-BA4C-4130B5C2DD88}
		{A7DC3DED-80D4-40F2-AC08-C0C0EEC0F916} = {D6A4CDB4-325D-4E40-BA60-A42F83DA1C9A}
		{9AFE7D19-4EDF-4E9C-B585-676656AB3F18} = {51B6753A-7AD5-4FB5-8AB0-9503A4EB58FF}
	EndGlobalSection
EndGlobal
